// !$*UTF8*$!
{
	archiveVersion = 1;
	classes = {
	};
	objectVersion = 55;
	objects = {

/* Begin PBXBuildFile section */
		35C9EB9428A2D10700B4218D /* CrossAnimation.swift in Sources */ = {isa = PBXBuildFile; fileRef = 35C9EB9328A2D10700B4218D /* CrossAnimation.swift */; };
		35CBA3BC28A6A6050045880D /* InteractiveAnimationsView.swift in Sources */ = {isa = PBXBuildFile; fileRef = 35CBA3BB28A6A6050045880D /* InteractiveAnimationsView.swift */; };
		35CBA3BF28A6AF590045880D /* GameView.swift in Sources */ = {isa = PBXBuildFile; fileRef = 35CBA3BE28A6AF590045880D /* GameView.swift */; };
		35CBA3C128A6B6760045880D /* CatFactView.swift in Sources */ = {isa = PBXBuildFile; fileRef = 35CBA3C028A6B6760045880D /* CatFactView.swift */; };
		35CBA3C428A6B69C0045880D /* CatFactViewModel.swift in Sources */ = {isa = PBXBuildFile; fileRef = 35CBA3C328A6B69C0045880D /* CatFactViewModel.swift */; };
		35CBA3C728A6B6C60045880D /* GameViewModel.swift in Sources */ = {isa = PBXBuildFile; fileRef = 35CBA3C628A6B6C60045880D /* GameViewModel.swift */; };
		35D44B112898B86A004B13F2 /* SwiftUI_animationsApp.swift in Sources */ = {isa = PBXBuildFile; fileRef = 35D44B102898B86A004B13F2 /* SwiftUI_animationsApp.swift */; };
		35D44B132898B86A004B13F2 /* ContentView.swift in Sources */ = {isa = PBXBuildFile; fileRef = 35D44B122898B86A004B13F2 /* ContentView.swift */; };
		35D44B152898B888004B13F2 /* Assets.xcassets in Resources */ = {isa = PBXBuildFile; fileRef = 35D44B142898B888004B13F2 /* Assets.xcassets */; };
		35D44B182898B888004B13F2 /* Preview Assets.xcassets in Resources */ = {isa = PBXBuildFile; fileRef = 35D44B172898B888004B13F2 /* Preview Assets.xcassets */; };
		35D44B222898B889004B13F2 /* SwiftUI_animationsTests.swift in Sources */ = {isa = PBXBuildFile; fileRef = 35D44B212898B889004B13F2 /* SwiftUI_animationsTests.swift */; };
		35D44B2C2898B889004B13F2 /* SwiftUI_animationsUITests.swift in Sources */ = {isa = PBXBuildFile; fileRef = 35D44B2B2898B889004B13F2 /* SwiftUI_animationsUITests.swift */; };
		35D44B2E2898B889004B13F2 /* SwiftUI_animationsUITestsLaunchTests.swift in Sources */ = {isa = PBXBuildFile; fileRef = 35D44B2D2898B889004B13F2 /* SwiftUI_animationsUITestsLaunchTests.swift */; };
		35D44B3D28996BCB004B13F2 /* DropShape.swift in Sources */ = {isa = PBXBuildFile; fileRef = 35D44B3C28996BCB004B13F2 /* DropShape.swift */; };
		35D44B3F28996D26004B13F2 /* FlowerShape.swift in Sources */ = {isa = PBXBuildFile; fileRef = 35D44B3E28996D26004B13F2 /* FlowerShape.swift */; };
		35D44B4128998ED0004B13F2 /* PetalShape.swift in Sources */ = {isa = PBXBuildFile; fileRef = 35D44B4028998ED0004B13F2 /* PetalShape.swift */; };
		35D44B472899BBAB004B13F2 /* Colors.xcassets in Resources */ = {isa = PBXBuildFile; fileRef = 35D44B462899BBAB004B13F2 /* Colors.xcassets */; };
		35D44B49289A071D004B13F2 /* CustomColors.swift in Sources */ = {isa = PBXBuildFile; fileRef = 35D44B48289A071D004B13F2 /* CustomColors.swift */; };
		35D44B4B289A0888004B13F2 /* GrassParticle.swift in Sources */ = {isa = PBXBuildFile; fileRef = 35D44B4A289A0888004B13F2 /* GrassParticle.swift */; };
		35D44B4D289A0903004B13F2 /* GrassLandShape.swift in Sources */ = {isa = PBXBuildFile; fileRef = 35D44B4C289A0903004B13F2 /* GrassLandShape.swift */; };
		35D44B4F289A1429004B13F2 /* FlipShape+Extension.swift in Sources */ = {isa = PBXBuildFile; fileRef = 35D44B4E289A1429004B13F2 /* FlipShape+Extension.swift */; };
		35D44B52289CC083004B13F2 /* Bool+ObservedObject+Ext.swift in Sources */ = {isa = PBXBuildFile; fileRef = 35D44B51289CC082004B13F2 /* Bool+ObservedObject+Ext.swift */; };
		35D44B57289DA035004B13F2 /* GardenView.swift in Sources */ = {isa = PBXBuildFile; fileRef = 35D44B56289DA035004B13F2 /* GardenView.swift */; };
		35D8301C28A4919B0066C4D3 /* MainRouter.swift in Sources */ = {isa = PBXBuildFile; fileRef = 35D8301B28A4919B0066C4D3 /* MainRouter.swift */; };
		35D8301E28A491E80066C4D3 /* MainViewModel.swift in Sources */ = {isa = PBXBuildFile; fileRef = 35D8301D28A491E80066C4D3 /* MainViewModel.swift */; };
		35D8302328A599150066C4D3 /* AppRoute.swift in Sources */ = {isa = PBXBuildFile; fileRef = 35D8302228A599150066C4D3 /* AppRoute.swift */; };
		35D8302528A59E030066C4D3 /* MainView.swift in Sources */ = {isa = PBXBuildFile; fileRef = 35D8302428A59E030066C4D3 /* MainView.swift */; };
		35D8302928A5E9D20066C4D3 /* ViewModel.swift in Sources */ = {isa = PBXBuildFile; fileRef = 35D8302828A5E9D20066C4D3 /* ViewModel.swift */; };
		35D8302B28A5F0270066C4D3 /* FirstViewModel.swift in Sources */ = {isa = PBXBuildFile; fileRef = 35D8302A28A5F0270066C4D3 /* FirstViewModel.swift */; };
/* End PBXBuildFile section */

/* Begin PBXContainerItemProxy section */
		35D44B1E2898B889004B13F2 /* PBXContainerItemProxy */ = {
			isa = PBXContainerItemProxy;
			containerPortal = 35D44B052898B869004B13F2 /* Project object */;
			proxyType = 1;
			remoteGlobalIDString = 35D44B0C2898B869004B13F2;
			remoteInfo = "SwiftUI-animations";
		};
		35D44B282898B889004B13F2 /* PBXContainerItemProxy */ = {
			isa = PBXContainerItemProxy;
			containerPortal = 35D44B052898B869004B13F2 /* Project object */;
			proxyType = 1;
			remoteGlobalIDString = 35D44B0C2898B869004B13F2;
			remoteInfo = "SwiftUI-animations";
		};
/* End PBXContainerItemProxy section */

/* Begin PBXFileReference section */
		35C9EB9328A2D10700B4218D /* CrossAnimation.swift */ = {isa = PBXFileReference; lastKnownFileType = sourcecode.swift; path = CrossAnimation.swift; sourceTree = "<group>"; };
		35CBA3BB28A6A6050045880D /* InteractiveAnimationsView.swift */ = {isa = PBXFileReference; lastKnownFileType = sourcecode.swift; path = InteractiveAnimationsView.swift; sourceTree = "<group>"; };
		35CBA3BE28A6AF590045880D /* GameView.swift */ = {isa = PBXFileReference; lastKnownFileType = sourcecode.swift; path = GameView.swift; sourceTree = "<group>"; };
		35CBA3C028A6B6760045880D /* CatFactView.swift */ = {isa = PBXFileReference; lastKnownFileType = sourcecode.swift; path = CatFactView.swift; sourceTree = "<group>"; };
		35CBA3C328A6B69C0045880D /* CatFactViewModel.swift */ = {isa = PBXFileReference; lastKnownFileType = sourcecode.swift; path = CatFactViewModel.swift; sourceTree = "<group>"; };
		35CBA3C628A6B6C60045880D /* GameViewModel.swift */ = {isa = PBXFileReference; lastKnownFileType = sourcecode.swift; path = GameViewModel.swift; sourceTree = "<group>"; };
		35D44B0D2898B86A004B13F2 /* SwiftUI-animations.app */ = {isa = PBXFileReference; explicitFileType = wrapper.application; includeInIndex = 0; path = "SwiftUI-animations.app"; sourceTree = BUILT_PRODUCTS_DIR; };
		35D44B102898B86A004B13F2 /* SwiftUI_animationsApp.swift */ = {isa = PBXFileReference; lastKnownFileType = sourcecode.swift; path = SwiftUI_animationsApp.swift; sourceTree = "<group>"; };
		35D44B122898B86A004B13F2 /* ContentView.swift */ = {isa = PBXFileReference; lastKnownFileType = sourcecode.swift; path = ContentView.swift; sourceTree = "<group>"; };
		35D44B142898B888004B13F2 /* Assets.xcassets */ = {isa = PBXFileReference; lastKnownFileType = folder.assetcatalog; path = Assets.xcassets; sourceTree = "<group>"; };
		35D44B172898B888004B13F2 /* Preview Assets.xcassets */ = {isa = PBXFileReference; lastKnownFileType = folder.assetcatalog; path = "Preview Assets.xcassets"; sourceTree = "<group>"; };
		35D44B1D2898B889004B13F2 /* SwiftUI-animationsTests.xctest */ = {isa = PBXFileReference; explicitFileType = wrapper.cfbundle; includeInIndex = 0; path = "SwiftUI-animationsTests.xctest"; sourceTree = BUILT_PRODUCTS_DIR; };
		35D44B212898B889004B13F2 /* SwiftUI_animationsTests.swift */ = {isa = PBXFileReference; lastKnownFileType = sourcecode.swift; path = SwiftUI_animationsTests.swift; sourceTree = "<group>"; };
		35D44B272898B889004B13F2 /* SwiftUI-animationsUITests.xctest */ = {isa = PBXFileReference; explicitFileType = wrapper.cfbundle; includeInIndex = 0; path = "SwiftUI-animationsUITests.xctest"; sourceTree = BUILT_PRODUCTS_DIR; };
		35D44B2B2898B889004B13F2 /* SwiftUI_animationsUITests.swift */ = {isa = PBXFileReference; lastKnownFileType = sourcecode.swift; path = SwiftUI_animationsUITests.swift; sourceTree = "<group>"; };
		35D44B2D2898B889004B13F2 /* SwiftUI_animationsUITestsLaunchTests.swift */ = {isa = PBXFileReference; lastKnownFileType = sourcecode.swift; path = SwiftUI_animationsUITestsLaunchTests.swift; sourceTree = "<group>"; };
		35D44B3C28996BCB004B13F2 /* DropShape.swift */ = {isa = PBXFileReference; lastKnownFileType = sourcecode.swift; path = DropShape.swift; sourceTree = "<group>"; };
		35D44B3E28996D26004B13F2 /* FlowerShape.swift */ = {isa = PBXFileReference; lastKnownFileType = sourcecode.swift; path = FlowerShape.swift; sourceTree = "<group>"; };
		35D44B4028998ED0004B13F2 /* PetalShape.swift */ = {isa = PBXFileReference; lastKnownFileType = sourcecode.swift; path = PetalShape.swift; sourceTree = "<group>"; };
		35D44B462899BBAB004B13F2 /* Colors.xcassets */ = {isa = PBXFileReference; lastKnownFileType = folder.assetcatalog; path = Colors.xcassets; sourceTree = "<group>"; };
		35D44B48289A071D004B13F2 /* CustomColors.swift */ = {isa = PBXFileReference; lastKnownFileType = sourcecode.swift; path = CustomColors.swift; sourceTree = "<group>"; };
		35D44B4A289A0888004B13F2 /* GrassParticle.swift */ = {isa = PBXFileReference; lastKnownFileType = sourcecode.swift; path = GrassParticle.swift; sourceTree = "<group>"; };
		35D44B4C289A0903004B13F2 /* GrassLandShape.swift */ = {isa = PBXFileReference; lastKnownFileType = sourcecode.swift; path = GrassLandShape.swift; sourceTree = "<group>"; };
		35D44B4E289A1429004B13F2 /* FlipShape+Extension.swift */ = {isa = PBXFileReference; lastKnownFileType = sourcecode.swift; path = "FlipShape+Extension.swift"; sourceTree = "<group>"; };
		35D44B51289CC082004B13F2 /* Bool+ObservedObject+Ext.swift */ = {isa = PBXFileReference; lastKnownFileType = sourcecode.swift; path = "Bool+ObservedObject+Ext.swift"; sourceTree = "<group>"; };
		35D44B56289DA035004B13F2 /* GardenView.swift */ = {isa = PBXFileReference; lastKnownFileType = sourcecode.swift; path = GardenView.swift; sourceTree = "<group>"; };
		35D8301B28A4919B0066C4D3 /* MainRouter.swift */ = {isa = PBXFileReference; lastKnownFileType = sourcecode.swift; path = MainRouter.swift; sourceTree = "<group>"; };
		35D8301D28A491E80066C4D3 /* MainViewModel.swift */ = {isa = PBXFileReference; lastKnownFileType = sourcecode.swift; path = MainViewModel.swift; sourceTree = "<group>"; };
		35D8302228A599150066C4D3 /* AppRoute.swift */ = {isa = PBXFileReference; lastKnownFileType = sourcecode.swift; path = AppRoute.swift; sourceTree = "<group>"; };
		35D8302428A59E030066C4D3 /* MainView.swift */ = {isa = PBXFileReference; lastKnownFileType = sourcecode.swift; path = MainView.swift; sourceTree = "<group>"; };
		35D8302828A5E9D20066C4D3 /* ViewModel.swift */ = {isa = PBXFileReference; lastKnownFileType = sourcecode.swift; path = ViewModel.swift; sourceTree = "<group>"; };
		35D8302A28A5F0270066C4D3 /* FirstViewModel.swift */ = {isa = PBXFileReference; lastKnownFileType = sourcecode.swift; path = FirstViewModel.swift; sourceTree = "<group>"; };
/* End PBXFileReference section */

/* Begin PBXFrameworksBuildPhase section */
		35D44B0A2898B869004B13F2 /* Frameworks */ = {
			isa = PBXFrameworksBuildPhase;
			buildActionMask = 2147483647;
			files = (
			);
			runOnlyForDeploymentPostprocessing = 0;
		};
		35D44B1A2898B889004B13F2 /* Frameworks */ = {
			isa = PBXFrameworksBuildPhase;
			buildActionMask = 2147483647;
			files = (
			);
			runOnlyForDeploymentPostprocessing = 0;
		};
		35D44B242898B889004B13F2 /* Frameworks */ = {
			isa = PBXFrameworksBuildPhase;
			buildActionMask = 2147483647;
			files = (
			);
			runOnlyForDeploymentPostprocessing = 0;
		};
/* End PBXFrameworksBuildPhase section */

/* Begin PBXGroup section */
		35CBA3B728A6A5720045880D /* Shapes */ = {
			isa = PBXGroup;
			children = (
				35D44B53289D9FEC004B13F2 /* GardenView */,
				35D44B4028998ED0004B13F2 /* PetalShape.swift */,
				35D44B3E28996D26004B13F2 /* FlowerShape.swift */,
				35D44B3C28996BCB004B13F2 /* DropShape.swift */,
				35D44B4A289A0888004B13F2 /* GrassParticle.swift */,
				35D44B4C289A0903004B13F2 /* GrassLandShape.swift */,
			);
			path = Shapes;
			sourceTree = "<group>";
		};
		35CBA3BA28A6A5D60045880D /* InteractiveAnimationScreen */ = {
			isa = PBXGroup;
			children = (
				35CBA3BB28A6A6050045880D /* InteractiveAnimationsView.swift */,
			);
			path = InteractiveAnimationScreen;
			sourceTree = "<group>";
		};
		35CBA3BD28A6AF460045880D /* GameScreen */ = {
			isa = PBXGroup;
			children = (
				35CBA3BE28A6AF590045880D /* GameView.swift */,
				35CBA3C628A6B6C60045880D /* GameViewModel.swift */,
			);
			path = GameScreen;
			sourceTree = "<group>";
		};
		35CBA3C228A6B67A0045880D /* CatFactScreen */ = {
			isa = PBXGroup;
			children = (
				35CBA3C028A6B6760045880D /* CatFactView.swift */,
				35CBA3C328A6B69C0045880D /* CatFactViewModel.swift */,
			);
			path = CatFactScreen;
			sourceTree = "<group>";
		};
		35D44B042898B869004B13F2 = {
			isa = PBXGroup;
			children = (
				35D44B0F2898B86A004B13F2 /* SwiftUI-animations */,
				35D44B202898B889004B13F2 /* SwiftUI-animationsTests */,
				35D44B2A2898B889004B13F2 /* SwiftUI-animationsUITests */,
				35D44B0E2898B86A004B13F2 /* Products */,
			);
			sourceTree = "<group>";
		};
		35D44B0E2898B86A004B13F2 /* Products */ = {
			isa = PBXGroup;
			children = (
				35D44B0D2898B86A004B13F2 /* SwiftUI-animations.app */,
				35D44B1D2898B889004B13F2 /* SwiftUI-animationsTests.xctest */,
				35D44B272898B889004B13F2 /* SwiftUI-animationsUITests.xctest */,
			);
			name = Products;
			sourceTree = "<group>";
		};
		35D44B0F2898B86A004B13F2 /* SwiftUI-animations */ = {
			isa = PBXGroup;
			children = (
				35D44B102898B86A004B13F2 /* SwiftUI_animationsApp.swift */,
				35D8301F28A597A10066C4D3 /* Router */,
				35CBA3B728A6A5720045880D /* Shapes */,
				35D44B50289CC065004B13F2 /* Extensions */,
				35D8302628A5E9870066C4D3 /* UserStory */,
				35D44B422899B7A6004B13F2 /* Resources */,
				35D44B122898B86A004B13F2 /* ContentView.swift */,
				35D44B142898B888004B13F2 /* Assets.xcassets */,
				35D44B162898B888004B13F2 /* Preview Content */,
				35C9EB9328A2D10700B4218D /* CrossAnimation.swift */,
				35D8302A28A5F0270066C4D3 /* FirstViewModel.swift */,
			);
			path = "SwiftUI-animations";
			sourceTree = "<group>";
		};
		35D44B162898B888004B13F2 /* Preview Content */ = {
			isa = PBXGroup;
			children = (
				35D44B172898B888004B13F2 /* Preview Assets.xcassets */,
			);
			path = "Preview Content";
			sourceTree = "<group>";
		};
		35D44B202898B889004B13F2 /* SwiftUI-animationsTests */ = {
			isa = PBXGroup;
			children = (
				35D44B212898B889004B13F2 /* SwiftUI_animationsTests.swift */,
			);
			path = "SwiftUI-animationsTests";
			sourceTree = "<group>";
		};
		35D44B2A2898B889004B13F2 /* SwiftUI-animationsUITests */ = {
			isa = PBXGroup;
			children = (
				35D44B2B2898B889004B13F2 /* SwiftUI_animationsUITests.swift */,
				35D44B2D2898B889004B13F2 /* SwiftUI_animationsUITestsLaunchTests.swift */,
			);
			path = "SwiftUI-animationsUITests";
			sourceTree = "<group>";
		};
		35D44B422899B7A6004B13F2 /* Resources */ = {
			isa = PBXGroup;
			children = (
				35D44B432899B7AF004B13F2 /* Colors */,
			);
			path = Resources;
			sourceTree = "<group>";
		};
		35D44B432899B7AF004B13F2 /* Colors */ = {
			isa = PBXGroup;
			children = (
				35D44B462899BBAB004B13F2 /* Colors.xcassets */,
				35D44B48289A071D004B13F2 /* CustomColors.swift */,
			);
			path = Colors;
			sourceTree = "<group>";
		};
		35D44B50289CC065004B13F2 /* Extensions */ = {
			isa = PBXGroup;
			children = (
				35D44B51289CC082004B13F2 /* Bool+ObservedObject+Ext.swift */,
				35D44B4E289A1429004B13F2 /* FlipShape+Extension.swift */,
			);
			path = Extensions;
			sourceTree = "<group>";
		};
		35D44B53289D9FEC004B13F2 /* GardenView */ = {
			isa = PBXGroup;
			children = (
				35D44B56289DA035004B13F2 /* GardenView.swift */,
			);
			path = GardenView;
			sourceTree = "<group>";
		};
		35D8301F28A597A10066C4D3 /* Router */ = {
			isa = PBXGroup;
			children = (
				35D8301B28A4919B0066C4D3 /* MainRouter.swift */,
				35D8302228A599150066C4D3 /* AppRoute.swift */,
			);
			path = Router;
			sourceTree = "<group>";
		};
		35D8302628A5E9870066C4D3 /* UserStory */ = {
			isa = PBXGroup;
			children = (
				35CBA3C228A6B67A0045880D /* CatFactScreen */,
				35CBA3BD28A6AF460045880D /* GameScreen */,
				35CBA3BA28A6A5D60045880D /* InteractiveAnimationScreen */,
				35D8302728A5E98E0066C4D3 /* MainScreen */,
			);
			path = UserStory;
			sourceTree = "<group>";
		};
		35D8302728A5E98E0066C4D3 /* MainScreen */ = {
			isa = PBXGroup;
			children = (
				35D8301D28A491E80066C4D3 /* MainViewModel.swift */,
				35D8302428A59E030066C4D3 /* MainView.swift */,
				35D8302828A5E9D20066C4D3 /* ViewModel.swift */,
			);
			path = MainScreen;
			sourceTree = "<group>";
		};
/* End PBXGroup section */

/* Begin PBXNativeTarget section */
		35D44B0C2898B869004B13F2 /* SwiftUI-animations */ = {
			isa = PBXNativeTarget;
			buildConfigurationList = 35D44B312898B889004B13F2 /* Build configuration list for PBXNativeTarget "SwiftUI-animations" */;
			buildPhases = (
				35D44B092898B869004B13F2 /* Sources */,
				35D44B0A2898B869004B13F2 /* Frameworks */,
				35D44B0B2898B869004B13F2 /* Resources */,
			);
			buildRules = (
			);
			dependencies = (
			);
			name = "SwiftUI-animations";
			productName = "SwiftUI-animations";
			productReference = 35D44B0D2898B86A004B13F2 /* SwiftUI-animations.app */;
			productType = "com.apple.product-type.application";
		};
		35D44B1C2898B889004B13F2 /* SwiftUI-animationsTests */ = {
			isa = PBXNativeTarget;
			buildConfigurationList = 35D44B342898B889004B13F2 /* Build configuration list for PBXNativeTarget "SwiftUI-animationsTests" */;
			buildPhases = (
				35D44B192898B889004B13F2 /* Sources */,
				35D44B1A2898B889004B13F2 /* Frameworks */,
				35D44B1B2898B889004B13F2 /* Resources */,
			);
			buildRules = (
			);
			dependencies = (
				35D44B1F2898B889004B13F2 /* PBXTargetDependency */,
			);
			name = "SwiftUI-animationsTests";
			productName = "SwiftUI-animationsTests";
			productReference = 35D44B1D2898B889004B13F2 /* SwiftUI-animationsTests.xctest */;
			productType = "com.apple.product-type.bundle.unit-test";
		};
		35D44B262898B889004B13F2 /* SwiftUI-animationsUITests */ = {
			isa = PBXNativeTarget;
			buildConfigurationList = 35D44B372898B889004B13F2 /* Build configuration list for PBXNativeTarget "SwiftUI-animationsUITests" */;
			buildPhases = (
				35D44B232898B889004B13F2 /* Sources */,
				35D44B242898B889004B13F2 /* Frameworks */,
				35D44B252898B889004B13F2 /* Resources */,
			);
			buildRules = (
			);
			dependencies = (
				35D44B292898B889004B13F2 /* PBXTargetDependency */,
			);
			name = "SwiftUI-animationsUITests";
			productName = "SwiftUI-animationsUITests";
			productReference = 35D44B272898B889004B13F2 /* SwiftUI-animationsUITests.xctest */;
			productType = "com.apple.product-type.bundle.ui-testing";
		};
/* End PBXNativeTarget section */

/* Begin PBXProject section */
		35D44B052898B869004B13F2 /* Project object */ = {
			isa = PBXProject;
			attributes = {
				BuildIndependentTargetsInParallel = 1;
				LastSwiftUpdateCheck = 1320;
				LastUpgradeCheck = 1320;
				TargetAttributes = {
					35D44B0C2898B869004B13F2 = {
						CreatedOnToolsVersion = 13.2;
					};
					35D44B1C2898B889004B13F2 = {
						CreatedOnToolsVersion = 13.2;
						TestTargetID = 35D44B0C2898B869004B13F2;
					};
					35D44B262898B889004B13F2 = {
						CreatedOnToolsVersion = 13.2;
						TestTargetID = 35D44B0C2898B869004B13F2;
					};
				};
			};
			buildConfigurationList = 35D44B082898B869004B13F2 /* Build configuration list for PBXProject "SwiftUI-animations" */;
			compatibilityVersion = "Xcode 13.0";
			developmentRegion = en;
			hasScannedForEncodings = 0;
			knownRegions = (
				en,
				Base,
			);
			mainGroup = 35D44B042898B869004B13F2;
			productRefGroup = 35D44B0E2898B86A004B13F2 /* Products */;
			projectDirPath = "";
			projectRoot = "";
			targets = (
				35D44B0C2898B869004B13F2 /* SwiftUI-animations */,
				35D44B1C2898B889004B13F2 /* SwiftUI-animationsTests */,
				35D44B262898B889004B13F2 /* SwiftUI-animationsUITests */,
			);
		};
/* End PBXProject section */

/* Begin PBXResourcesBuildPhase section */
		35D44B0B2898B869004B13F2 /* Resources */ = {
			isa = PBXResourcesBuildPhase;
			buildActionMask = 2147483647;
			files = (
				35D44B472899BBAB004B13F2 /* Colors.xcassets in Resources */,
				35D44B182898B888004B13F2 /* Preview Assets.xcassets in Resources */,
				35D44B152898B888004B13F2 /* Assets.xcassets in Resources */,
			);
			runOnlyForDeploymentPostprocessing = 0;
		};
		35D44B1B2898B889004B13F2 /* Resources */ = {
			isa = PBXResourcesBuildPhase;
			buildActionMask = 2147483647;
			files = (
			);
			runOnlyForDeploymentPostprocessing = 0;
		};
		35D44B252898B889004B13F2 /* Resources */ = {
			isa = PBXResourcesBuildPhase;
			buildActionMask = 2147483647;
			files = (
			);
			runOnlyForDeploymentPostprocessing = 0;
		};
/* End PBXResourcesBuildPhase section */

/* Begin PBXSourcesBuildPhase section */
		35D44B092898B869004B13F2 /* Sources */ = {
			isa = PBXSourcesBuildPhase;
			buildActionMask = 2147483647;
			files = (
				35D44B3F28996D26004B13F2 /* FlowerShape.swift in Sources */,
				35D44B132898B86A004B13F2 /* ContentView.swift in Sources */,
				35D44B3D28996BCB004B13F2 /* DropShape.swift in Sources */,
				35D44B4128998ED0004B13F2 /* PetalShape.swift in Sources */,
				35D44B49289A071D004B13F2 /* CustomColors.swift in Sources */,
				35D8301C28A4919B0066C4D3 /* MainRouter.swift in Sources */,
				35D8302928A5E9D20066C4D3 /* ViewModel.swift in Sources */,
				35D8302B28A5F0270066C4D3 /* FirstViewModel.swift in Sources */,
				35D44B4F289A1429004B13F2 /* FlipShape+Extension.swift in Sources */,
				35CBA3C728A6B6C60045880D /* GameViewModel.swift in Sources */,
				35D8301E28A491E80066C4D3 /* MainViewModel.swift in Sources */,
				35C9EB9428A2D10700B4218D /* CrossAnimation.swift in Sources */,
				35D8302528A59E030066C4D3 /* MainView.swift in Sources */,
				35D44B4B289A0888004B13F2 /* GrassParticle.swift in Sources */,
				35CBA3C128A6B6760045880D /* CatFactView.swift in Sources */,
				35D44B112898B86A004B13F2 /* SwiftUI_animationsApp.swift in Sources */,
				35CBA3C428A6B69C0045880D /* CatFactViewModel.swift in Sources */,
				35CBA3BF28A6AF590045880D /* GameView.swift in Sources */,
				35D44B57289DA035004B13F2 /* GardenView.swift in Sources */,
				35CBA3BC28A6A6050045880D /* InteractiveAnimationsView.swift in Sources */,
				35D44B52289CC083004B13F2 /* Bool+ObservedObject+Ext.swift in Sources */,
				35D44B4D289A0903004B13F2 /* GrassLandShape.swift in Sources */,
				35D8302328A599150066C4D3 /* AppRoute.swift in Sources */,
			);
			runOnlyForDeploymentPostprocessing = 0;
		};
		35D44B192898B889004B13F2 /* Sources */ = {
			isa = PBXSourcesBuildPhase;
			buildActionMask = 2147483647;
			files = (
				35D44B222898B889004B13F2 /* SwiftUI_animationsTests.swift in Sources */,
			);
			runOnlyForDeploymentPostprocessing = 0;
		};
		35D44B232898B889004B13F2 /* Sources */ = {
			isa = PBXSourcesBuildPhase;
			buildActionMask = 2147483647;
			files = (
				35D44B2C2898B889004B13F2 /* SwiftUI_animationsUITests.swift in Sources */,
				35D44B2E2898B889004B13F2 /* SwiftUI_animationsUITestsLaunchTests.swift in Sources */,
			);
			runOnlyForDeploymentPostprocessing = 0;
		};
/* End PBXSourcesBuildPhase section */

/* Begin PBXTargetDependency section */
		35D44B1F2898B889004B13F2 /* PBXTargetDependency */ = {
			isa = PBXTargetDependency;
			target = 35D44B0C2898B869004B13F2 /* SwiftUI-animations */;
			targetProxy = 35D44B1E2898B889004B13F2 /* PBXContainerItemProxy */;
		};
		35D44B292898B889004B13F2 /* PBXTargetDependency */ = {
			isa = PBXTargetDependency;
			target = 35D44B0C2898B869004B13F2 /* SwiftUI-animations */;
			targetProxy = 35D44B282898B889004B13F2 /* PBXContainerItemProxy */;
		};
/* End PBXTargetDependency section */

/* Begin XCBuildConfiguration section */
		35D44B2F2898B889004B13F2 /* Debug */ = {
			isa = XCBuildConfiguration;
			buildSettings = {
				ALWAYS_SEARCH_USER_PATHS = NO;
				CLANG_ANALYZER_NONNULL = YES;
				CLANG_ANALYZER_NUMBER_OBJECT_CONVERSION = YES_AGGRESSIVE;
				CLANG_CXX_LANGUAGE_STANDARD = "gnu++17";
				CLANG_CXX_LIBRARY = "libc++";
				CLANG_ENABLE_MODULES = YES;
				CLANG_ENABLE_OBJC_ARC = YES;
				CLANG_ENABLE_OBJC_WEAK = YES;
				CLANG_WARN_BLOCK_CAPTURE_AUTORELEASING = YES;
				CLANG_WARN_BOOL_CONVERSION = YES;
				CLANG_WARN_COMMA = YES;
				CLANG_WARN_CONSTANT_CONVERSION = YES;
				CLANG_WARN_DEPRECATED_OBJC_IMPLEMENTATIONS = YES;
				CLANG_WARN_DIRECT_OBJC_ISA_USAGE = YES_ERROR;
				CLANG_WARN_DOCUMENTATION_COMMENTS = YES;
				CLANG_WARN_EMPTY_BODY = YES;
				CLANG_WARN_ENUM_CONVERSION = YES;
				CLANG_WARN_INFINITE_RECURSION = YES;
				CLANG_WARN_INT_CONVERSION = YES;
				CLANG_WARN_NON_LITERAL_NULL_CONVERSION = YES;
				CLANG_WARN_OBJC_IMPLICIT_RETAIN_SELF = YES;
				CLANG_WARN_OBJC_LITERAL_CONVERSION = YES;
				CLANG_WARN_OBJC_ROOT_CLASS = YES_ERROR;
				CLANG_WARN_QUOTED_INCLUDE_IN_FRAMEWORK_HEADER = YES;
				CLANG_WARN_RANGE_LOOP_ANALYSIS = YES;
				CLANG_WARN_STRICT_PROTOTYPES = YES;
				CLANG_WARN_SUSPICIOUS_MOVE = YES;
				CLANG_WARN_UNGUARDED_AVAILABILITY = YES_AGGRESSIVE;
				CLANG_WARN_UNREACHABLE_CODE = YES;
				CLANG_WARN__DUPLICATE_METHOD_MATCH = YES;
				COPY_PHASE_STRIP = NO;
				DEBUG_INFORMATION_FORMAT = dwarf;
				ENABLE_STRICT_OBJC_MSGSEND = YES;
				ENABLE_TESTABILITY = YES;
				GCC_C_LANGUAGE_STANDARD = gnu11;
				GCC_DYNAMIC_NO_PIC = NO;
				GCC_NO_COMMON_BLOCKS = YES;
				GCC_OPTIMIZATION_LEVEL = 0;
				GCC_PREPROCESSOR_DEFINITIONS = (
					"DEBUG=1",
					"$(inherited)",
				);
				GCC_WARN_64_TO_32_BIT_CONVERSION = YES;
				GCC_WARN_ABOUT_RETURN_TYPE = YES_ERROR;
				GCC_WARN_UNDECLARED_SELECTOR = YES;
				GCC_WARN_UNINITIALIZED_AUTOS = YES_AGGRESSIVE;
				GCC_WARN_UNUSED_FUNCTION = YES;
				GCC_WARN_UNUSED_VARIABLE = YES;
				IPHONEOS_DEPLOYMENT_TARGET = 15.2;
				MTL_ENABLE_DEBUG_INFO = INCLUDE_SOURCE;
				MTL_FAST_MATH = YES;
				ONLY_ACTIVE_ARCH = YES;
				SDKROOT = iphoneos;
				SWIFT_ACTIVE_COMPILATION_CONDITIONS = DEBUG;
				SWIFT_OPTIMIZATION_LEVEL = "-Onone";
			};
			name = Debug;
		};
		35D44B302898B889004B13F2 /* Release */ = {
			isa = XCBuildConfiguration;
			buildSettings = {
				ALWAYS_SEARCH_USER_PATHS = NO;
				CLANG_ANALYZER_NONNULL = YES;
				CLANG_ANALYZER_NUMBER_OBJECT_CONVERSION = YES_AGGRESSIVE;
				CLANG_CXX_LANGUAGE_STANDARD = "gnu++17";
				CLANG_CXX_LIBRARY = "libc++";
				CLANG_ENABLE_MODULES = YES;
				CLANG_ENABLE_OBJC_ARC = YES;
				CLANG_ENABLE_OBJC_WEAK = YES;
				CLANG_WARN_BLOCK_CAPTURE_AUTORELEASING = YES;
				CLANG_WARN_BOOL_CONVERSION = YES;
				CLANG_WARN_COMMA = YES;
				CLANG_WARN_CONSTANT_CONVERSION = YES;
				CLANG_WARN_DEPRECATED_OBJC_IMPLEMENTATIONS = YES;
				CLANG_WARN_DIRECT_OBJC_ISA_USAGE = YES_ERROR;
				CLANG_WARN_DOCUMENTATION_COMMENTS = YES;
				CLANG_WARN_EMPTY_BODY = YES;
				CLANG_WARN_ENUM_CONVERSION = YES;
				CLANG_WARN_INFINITE_RECURSION = YES;
				CLANG_WARN_INT_CONVERSION = YES;
				CLANG_WARN_NON_LITERAL_NULL_CONVERSION = YES;
				CLANG_WARN_OBJC_IMPLICIT_RETAIN_SELF = YES;
				CLANG_WARN_OBJC_LITERAL_CONVERSION = YES;
				CLANG_WARN_OBJC_ROOT_CLASS = YES_ERROR;
				CLANG_WARN_QUOTED_INCLUDE_IN_FRAMEWORK_HEADER = YES;
				CLANG_WARN_RANGE_LOOP_ANALYSIS = YES;
				CLANG_WARN_STRICT_PROTOTYPES = YES;
				CLANG_WARN_SUSPICIOUS_MOVE = YES;
				CLANG_WARN_UNGUARDED_AVAILABILITY = YES_AGGRESSIVE;
				CLANG_WARN_UNREACHABLE_CODE = YES;
				CLANG_WARN__DUPLICATE_METHOD_MATCH = YES;
				COPY_PHASE_STRIP = NO;
				DEBUG_INFORMATION_FORMAT = "dwarf-with-dsym";
				ENABLE_NS_ASSERTIONS = NO;
				ENABLE_STRICT_OBJC_MSGSEND = YES;
				GCC_C_LANGUAGE_STANDARD = gnu11;
				GCC_NO_COMMON_BLOCKS = YES;
				GCC_WARN_64_TO_32_BIT_CONVERSION = YES;
				GCC_WARN_ABOUT_RETURN_TYPE = YES_ERROR;
				GCC_WARN_UNDECLARED_SELECTOR = YES;
				GCC_WARN_UNINITIALIZED_AUTOS = YES_AGGRESSIVE;
				GCC_WARN_UNUSED_FUNCTION = YES;
				GCC_WARN_UNUSED_VARIABLE = YES;
				IPHONEOS_DEPLOYMENT_TARGET = 15.2;
				MTL_ENABLE_DEBUG_INFO = NO;
				MTL_FAST_MATH = YES;
				SDKROOT = iphoneos;
				SWIFT_COMPILATION_MODE = wholemodule;
				SWIFT_OPTIMIZATION_LEVEL = "-O";
				VALIDATE_PRODUCT = YES;
			};
			name = Release;
		};
		35D44B322898B889004B13F2 /* Debug */ = {
			isa = XCBuildConfiguration;
			buildSettings = {
				ASSETCATALOG_COMPILER_APPICON_NAME = AppIcon;
				ASSETCATALOG_COMPILER_GLOBAL_ACCENT_COLOR_NAME = AccentColor;
				CODE_SIGN_STYLE = Automatic;
				CURRENT_PROJECT_VERSION = 1;
				DEVELOPMENT_ASSET_PATHS = "\"SwiftUI-animations/Preview Content\"";
				DEVELOPMENT_TEAM = TJQ3WM9SV6;
				ENABLE_PREVIEWS = YES;
				GENERATE_INFOPLIST_FILE = YES;
				INFOPLIST_KEY_UIApplicationSceneManifest_Generation = YES;
				INFOPLIST_KEY_UIApplicationSupportsIndirectInputEvents = YES;
				INFOPLIST_KEY_UILaunchScreen_Generation = YES;
				INFOPLIST_KEY_UISupportedInterfaceOrientations_iPad = "UIInterfaceOrientationPortrait UIInterfaceOrientationPortraitUpsideDown UIInterfaceOrientationLandscapeLeft UIInterfaceOrientationLandscapeRight";
				INFOPLIST_KEY_UISupportedInterfaceOrientations_iPhone = "UIInterfaceOrientationPortrait UIInterfaceOrientationLandscapeLeft UIInterfaceOrientationLandscapeRight";
				LD_RUNPATH_SEARCH_PATHS = (
					"$(inherited)",
					"@executable_path/Frameworks",
				);
				MARKETING_VERSION = 1.0;
				PRODUCT_BUNDLE_IDENTIFIER = "com.aradoutska.SwiftUI-animations";
				PRODUCT_NAME = "$(TARGET_NAME)";
				SWIFT_EMIT_LOC_STRINGS = YES;
				SWIFT_VERSION = 5.0;
				TARGETED_DEVICE_FAMILY = "1,2";
			};
			name = Debug;
		};
		35D44B332898B889004B13F2 /* Release */ = {
			isa = XCBuildConfiguration;
			buildSettings = {
				ASSETCATALOG_COMPILER_APPICON_NAME = AppIcon;
				ASSETCATALOG_COMPILER_GLOBAL_ACCENT_COLOR_NAME = AccentColor;
				CODE_SIGN_STYLE = Automatic;
				CURRENT_PROJECT_VERSION = 1;
				DEVELOPMENT_ASSET_PATHS = "\"SwiftUI-animations/Preview Content\"";
				DEVELOPMENT_TEAM = TJQ3WM9SV6;
				ENABLE_PREVIEWS = YES;
				GENERATE_INFOPLIST_FILE = YES;
				INFOPLIST_KEY_UIApplicationSceneManifest_Generation = YES;
				INFOPLIST_KEY_UIApplicationSupportsIndirectInputEvents = YES;
				INFOPLIST_KEY_UILaunchScreen_Generation = YES;
				INFOPLIST_KEY_UISupportedInterfaceOrientations_iPad = "UIInterfaceOrientationPortrait UIInterfaceOrientationPortraitUpsideDown UIInterfaceOrientationLandscapeLeft UIInterfaceOrientationLandscapeRight";
				INFOPLIST_KEY_UISupportedInterfaceOrientations_iPhone = "UIInterfaceOrientationPortrait UIInterfaceOrientationLandscapeLeft UIInterfaceOrientationLandscapeRight";
				LD_RUNPATH_SEARCH_PATHS = (
					"$(inherited)",
					"@executable_path/Frameworks",
				);
				MARKETING_VERSION = 1.0;
				PRODUCT_BUNDLE_IDENTIFIER = "com.aradoutska.SwiftUI-animations";
				PRODUCT_NAME = "$(TARGET_NAME)";
				SWIFT_EMIT_LOC_STRINGS = YES;
				SWIFT_VERSION = 5.0;
				TARGETED_DEVICE_FAMILY = "1,2";
			};
			name = Release;
		};
		35D44B352898B889004B13F2 /* Debug */ = {
			isa = XCBuildConfiguration;
			buildSettings = {
				ALWAYS_EMBED_SWIFT_STANDARD_LIBRARIES = YES;
				BUNDLE_LOADER = "$(TEST_HOST)";
				CODE_SIGN_STYLE = Automatic;
				CURRENT_PROJECT_VERSION = 1;
				DEVELOPMENT_TEAM = TJQ3WM9SV6;
				GENERATE_INFOPLIST_FILE = YES;
				IPHONEOS_DEPLOYMENT_TARGET = 15.2;
				MARKETING_VERSION = 1.0;
				PRODUCT_BUNDLE_IDENTIFIER = "com.aradoutska.SwiftUI-animationsTests";
				PRODUCT_NAME = "$(TARGET_NAME)";
				SWIFT_EMIT_LOC_STRINGS = NO;
				SWIFT_VERSION = 5.0;
				TARGETED_DEVICE_FAMILY = "1,2";
				TEST_HOST = "$(BUILT_PRODUCTS_DIR)/SwiftUI-animations.app/SwiftUI-animations";
			};
			name = Debug;
		};
		35D44B362898B889004B13F2 /* Release */ = {
			isa = XCBuildConfiguration;
			buildSettings = {
				ALWAYS_EMBED_SWIFT_STANDARD_LIBRARIES = YES;
				BUNDLE_LOADER = "$(TEST_HOST)";
				CODE_SIGN_STYLE = Automatic;
				CURRENT_PROJECT_VERSION = 1;
				DEVELOPMENT_TEAM = TJQ3WM9SV6;
				GENERATE_INFOPLIST_FILE = YES;
				IPHONEOS_DEPLOYMENT_TARGET = 15.2;
				MARKETING_VERSION = 1.0;
				PRODUCT_BUNDLE_IDENTIFIER = "com.aradoutska.SwiftUI-animationsTests";
				PRODUCT_NAME = "$(TARGET_NAME)";
				SWIFT_EMIT_LOC_STRINGS = NO;
				SWIFT_VERSION = 5.0;
				TARGETED_DEVICE_FAMILY = "1,2";
				TEST_HOST = "$(BUILT_PRODUCTS_DIR)/SwiftUI-animations.app/SwiftUI-animations";
			};
			name = Release;
		};
		35D44B382898B889004B13F2 /* Debug */ = {
			isa = XCBuildConfiguration;
			buildSettings = {
				ALWAYS_EMBED_SWIFT_STANDARD_LIBRARIES = YES;
				CODE_SIGN_STYLE = Automatic;
				CURRENT_PROJECT_VERSION = 1;
				DEVELOPMENT_TEAM = TJQ3WM9SV6;
				GENERATE_INFOPLIST_FILE = YES;
				MARKETING_VERSION = 1.0;
				PRODUCT_BUNDLE_IDENTIFIER = "com.aradoutska.SwiftUI-animationsUITests";
				PRODUCT_NAME = "$(TARGET_NAME)";
				SWIFT_EMIT_LOC_STRINGS = NO;
				SWIFT_VERSION = 5.0;
				TARGETED_DEVICE_FAMILY = "1,2";
				TEST_TARGET_NAME = "SwiftUI-animations";
			};
			name = Debug;
		};
		35D44B392898B889004B13F2 /* Release */ = {
			isa = XCBuildConfiguration;
			buildSettings = {
				ALWAYS_EMBED_SWIFT_STANDARD_LIBRARIES = YES;
				CODE_SIGN_STYLE = Automatic;
				CURRENT_PROJECT_VERSION = 1;
				DEVELOPMENT_TEAM = TJQ3WM9SV6;
				GENERATE_INFOPLIST_FILE = YES;
				MARKETING_VERSION = 1.0;
				PRODUCT_BUNDLE_IDENTIFIER = "com.aradoutska.SwiftUI-animationsUITests";
				PRODUCT_NAME = "$(TARGET_NAME)";
				SWIFT_EMIT_LOC_STRINGS = NO;
				SWIFT_VERSION = 5.0;
				TARGETED_DEVICE_FAMILY = "1,2";
				TEST_TARGET_NAME = "SwiftUI-animations";
			};
			name = Release;
		};
/* End XCBuildConfiguration section */

/* Begin XCConfigurationList section */
		35D44B082898B869004B13F2 /* Build configuration list for PBXProject "SwiftUI-animations" */ = {
			isa = XCConfigurationList;
			buildConfigurations = (
				35D44B2F2898B889004B13F2 /* Debug */,
				35D44B302898B889004B13F2 /* Release */,
			);
			defaultConfigurationIsVisible = 0;
			defaultConfigurationName = Release;
		};
		35D44B312898B889004B13F2 /* Build configuration list for PBXNativeTarget "SwiftUI-animations" */ = {
			isa = XCConfigurationList;
			buildConfigurations = (
				35D44B322898B889004B13F2 /* Debug */,
				35D44B332898B889004B13F2 /* Release */,
			);
			defaultConfigurationIsVisible = 0;
			defaultConfigurationName = Release;
		};
		35D44B342898B889004B13F2 /* Build configuration list for PBXNativeTarget "SwiftUI-animationsTests" */ = {
			isa = XCConfigurationList;
			buildConfigurations = (
				35D44B352898B889004B13F2 /* Debug */,
				35D44B362898B889004B13F2 /* Release */,
			);
			defaultConfigurationIsVisible = 0;
			defaultConfigurationName = Release;
		};
		35D44B372898B889004B13F2 /* Build configuration list for PBXNativeTarget "SwiftUI-animationsUITests" */ = {
			isa = XCConfigurationList;
			buildConfigurations = (
				35D44B382898B889004B13F2 /* Debug */,
				35D44B392898B889004B13F2 /* Release */,
			);
			defaultConfigurationIsVisible = 0;
			defaultConfigurationName = Release;
		};
/* End XCConfigurationList section */
	};
	rootObject = 35D44B052898B869004B13F2 /* Project object */;
}
